<?xml version="1.0" encoding="utf-8"?>
<Project ToolsVersion="4.0" xmlns="http://schemas.microsoft.com/developer/msbuild/2003">
  <ItemGroup>
    <Filter Include="test">
      <UniqueIdentifier>{7ced16c3-6f7c-4053-b33f-4e1c2c09a0ad}</UniqueIdentifier>
    </Filter>
    <Filter Include="queue">
      <UniqueIdentifier>{b6923346-9f8e-43a7-8a68-edc66f4b6765}</UniqueIdentifier>
    </Filter>
  </ItemGroup>
  <ItemGroup>
    <None Include=".gitignore" />
    <None Include="ReadMe.md" />
    <None Include="UNLICENSE" />
    <None Include="appveyor.yml" />
  </ItemGroup>
  <ItemGroup>
    <Text Include="3rd-party\googletest\LICENSE.txt" />
    <Text Include="CMakeLists.txt" />
  </ItemGroup>
</Project>