<?xml version="1.0" encoding="utf-8"?>
<Project ToolsVersion="4.0" xmlns="http://schemas.microsoft.com/developer/msbuild/2003">
  <ItemGroup>
    <Filter Include="test">
      <UniqueIdentifier>{7ced16c3-6f7c-4053-b33f-4e1c2c09a0ad}</UniqueIdentifier>
    </Filter>
    <Filter Include="queue">
      <UniqueIdentifier>{b6923346-9f8e-43a7-8a68-edc66f4b6765}</UniqueIdentifier>
    </Filter>
  </ItemGroup>
  <ItemGroup>
    <ClCompile Include="src\container\ring_buffer.ixx">
      <Filter>queue</Filter>
    </ClCompile>
    <ClCompile Include="src\container\fifo.ixx">
      <Filter>queue</Filter>
    </ClCompile>
    <ClCompile Include="src\utils\assert.ixx" />
    <ClCompile Include="src\utils\crtp.ixx" />
    <ClCompile Include="test\test_ring_buffer.cpp" />
    <ClCompile Include="src\main.cpp" />
    <ClCompile Include="test\test_fifo.cpp" />
    <ClCompile Include="src\utils\random.ixx" />
    <ClCompile Include="test\test_dynamic_bitset.cpp" />
    <ClCompile Include="src\container\dynamic_bitset.ixx" />
    <ClCompile Include="test\test_compile_time_matcher.cpp" />
    <ClCompile Include="src\string\compile_time_matcher.ixx" />
    <ClCompile Include="test\test_random.cpp" />
    <ClCompile Include="test\test_stride_iterator.cpp" />
    <ClCompile Include="test\test_sequence_invoker.cpp" />
    <ClCompile Include="test\test_math_apply.cpp" />
    <ClCompile Include="test\test_basic_math_operations.cpp" />
  </ItemGroup>
  <ItemGroup>
    <None Include=".gitignore" />
    <None Include="ReadMe.md" />
    <None Include="UNLICENSE" />
  </ItemGroup>
  <ItemGroup>
    <ClInclude Include="src\string\compile_time_matcher.hpp" />
    <ClInclude Include="src\math\math_fwd.hpp" />
    <ClInclude Include="src\utils\tuple_maker.hpp" />
    <ClInclude Include="src\iterator\stride_iterator.hpp" />
    <ClInclude Include="src\utils\sequence_invoker.hpp" />
    <ClInclude Include="src\math\vector.hpp" />
    <ClInclude Include="src\math\math_apply.hpp" />
    <ClInclude Include="src\math\matrix.hpp" />
    <ClInclude Include="src\math\basic_math_operations.hpp" />
    <ClInclude Include="src\math\further_math_operations.hpp" />
  </ItemGroup>
</Project>